// !$*UTF8*$!
{
	archiveVersion = 1;
	classes = {
	};
	objectVersion = 56;
	objects = {

/* Begin PBXBuildFile section */
		A5FA78D829E804F200F57E58 /* AppDelegate.swift in Sources */ = {isa = PBXBuildFile; fileRef = A5FA78D729E804F200F57E58 /* AppDelegate.swift */; };
		A5FA78DA29E804F200F57E58 /* SceneDelegate.swift in Sources */ = {isa = PBXBuildFile; fileRef = A5FA78D929E804F200F57E58 /* SceneDelegate.swift */; };
		A5FA78DC29E804F200F57E58 /* ViewController.swift in Sources */ = {isa = PBXBuildFile; fileRef = A5FA78DB29E804F200F57E58 /* ViewController.swift */; };
		A5FA78DF29E804F200F57E58 /* Main.storyboard in Resources */ = {isa = PBXBuildFile; fileRef = A5FA78DD29E804F200F57E58 /* Main.storyboard */; };
		A5FA78E129E804F500F57E58 /* Assets.xcassets in Resources */ = {isa = PBXBuildFile; fileRef = A5FA78E029E804F500F57E58 /* Assets.xcassets */; };
		A5FA78E429E804F500F57E58 /* LaunchScreen.storyboard in Resources */ = {isa = PBXBuildFile; fileRef = A5FA78E229E804F500F57E58 /* LaunchScreen.storyboard */; };
		A5FA78EF29E804F500F57E58 /* IDFVWhiteLabelTestingAppTests.swift in Sources */ = {isa = PBXBuildFile; fileRef = A5FA78EE29E804F500F57E58 /* IDFVWhiteLabelTestingAppTests.swift */; };
		A5FA78F929E804F500F57E58 /* IDFVWhiteLabelTestingAppUITests.swift in Sources */ = {isa = PBXBuildFile; fileRef = A5FA78F829E804F500F57E58 /* IDFVWhiteLabelTestingAppUITests.swift */; };
		A5FA78FB29E804F500F57E58 /* IDFVWhiteLabelTestingAppUITestsLaunchTests.swift in Sources */ = {isa = PBXBuildFile; fileRef = A5FA78FA29E804F500F57E58 /* IDFVWhiteLabelTestingAppUITestsLaunchTests.swift */; };
/* End PBXBuildFile section */

/* Begin PBXContainerItemProxy section */
		A5FA78EB29E804F500F57E58 /* PBXContainerItemProxy */ = {
			isa = PBXContainerItemProxy;
			containerPortal = A5FA78CC29E804F200F57E58 /* Project object */;
			proxyType = 1;
			remoteGlobalIDString = A5FA78D329E804F200F57E58;
			remoteInfo = IDFVWhiteLabelTestingApp;
		};
		A5FA78F529E804F500F57E58 /* PBXContainerItemProxy */ = {
			isa = PBXContainerItemProxy;
			containerPortal = A5FA78CC29E804F200F57E58 /* Project object */;
			proxyType = 1;
			remoteGlobalIDString = A5FA78D329E804F200F57E58;
			remoteInfo = IDFVWhiteLabelTestingApp;
		};
/* End PBXContainerItemProxy section */

/* Begin PBXFileReference section */
		A5FA78D429E804F200F57E58 /* IDFVWhiteLabelTestingApp.app */ = {isa = PBXFileReference; explicitFileType = wrapper.application; includeInIndex = 0; path = IDFVWhiteLabelTestingApp.app; sourceTree = BUILT_PRODUCTS_DIR; };
		A5FA78D729E804F200F57E58 /* AppDelegate.swift */ = {isa = PBXFileReference; lastKnownFileType = sourcecode.swift; path = AppDelegate.swift; sourceTree = "<group>"; };
		A5FA78D929E804F200F57E58 /* SceneDelegate.swift */ = {isa = PBXFileReference; lastKnownFileType = sourcecode.swift; path = SceneDelegate.swift; sourceTree = "<group>"; };
		A5FA78DB29E804F200F57E58 /* ViewController.swift */ = {isa = PBXFileReference; lastKnownFileType = sourcecode.swift; path = ViewController.swift; sourceTree = "<group>"; };
		A5FA78DE29E804F200F57E58 /* Base */ = {isa = PBXFileReference; lastKnownFileType = file.storyboard; name = Base; path = Base.lproj/Main.storyboard; sourceTree = "<group>"; };
		A5FA78E029E804F500F57E58 /* Assets.xcassets */ = {isa = PBXFileReference; lastKnownFileType = folder.assetcatalog; path = Assets.xcassets; sourceTree = "<group>"; };
		A5FA78E329E804F500F57E58 /* Base */ = {isa = PBXFileReference; lastKnownFileType = file.storyboard; name = Base; path = Base.lproj/LaunchScreen.storyboard; sourceTree = "<group>"; };
		A5FA78E529E804F500F57E58 /* Info.plist */ = {isa = PBXFileReference; lastKnownFileType = text.plist.xml; path = Info.plist; sourceTree = "<group>"; };
		A5FA78EA29E804F500F57E58 /* IDFVWhiteLabelTestingAppTests.xctest */ = {isa = PBXFileReference; explicitFileType = wrapper.cfbundle; includeInIndex = 0; path = IDFVWhiteLabelTestingAppTests.xctest; sourceTree = BUILT_PRODUCTS_DIR; };
		A5FA78EE29E804F500F57E58 /* IDFVWhiteLabelTestingAppTests.swift */ = {isa = PBXFileReference; lastKnownFileType = sourcecode.swift; path = IDFVWhiteLabelTestingAppTests.swift; sourceTree = "<group>"; };
		A5FA78F429E804F500F57E58 /* IDFVWhiteLabelTestingAppUITests.xctest */ = {isa = PBXFileReference; explicitFileType = wrapper.cfbundle; includeInIndex = 0; path = IDFVWhiteLabelTestingAppUITests.xctest; sourceTree = BUILT_PRODUCTS_DIR; };
		A5FA78F829E804F500F57E58 /* IDFVWhiteLabelTestingAppUITests.swift */ = {isa = PBXFileReference; lastKnownFileType = sourcecode.swift; path = IDFVWhiteLabelTestingAppUITests.swift; sourceTree = "<group>"; };
		A5FA78FA29E804F500F57E58 /* IDFVWhiteLabelTestingAppUITestsLaunchTests.swift */ = {isa = PBXFileReference; lastKnownFileType = sourcecode.swift; path = IDFVWhiteLabelTestingAppUITestsLaunchTests.swift; sourceTree = "<group>"; };
/* End PBXFileReference section */

/* Begin PBXFrameworksBuildPhase section */
		A5FA78D129E804F200F57E58 /* Frameworks */ = {
			isa = PBXFrameworksBuildPhase;
			buildActionMask = 2147483647;
			files = (
			);
			runOnlyForDeploymentPostprocessing = 0;
		};
		A5FA78E729E804F500F57E58 /* Frameworks */ = {
			isa = PBXFrameworksBuildPhase;
			buildActionMask = 2147483647;
			files = (
			);
			runOnlyForDeploymentPostprocessing = 0;
		};
		A5FA78F129E804F500F57E58 /* Frameworks */ = {
			isa = PBXFrameworksBuildPhase;
			buildActionMask = 2147483647;
			files = (
			);
			runOnlyForDeploymentPostprocessing = 0;
		};
/* End PBXFrameworksBuildPhase section */

/* Begin PBXGroup section */
		A5FA78CB29E804F200F57E58 = {
			isa = PBXGroup;
			children = (
				A5FA78D629E804F200F57E58 /* IDFVWhiteLabelTestingApp */,
				A5FA78ED29E804F500F57E58 /* IDFVWhiteLabelTestingAppTests */,
				A5FA78F729E804F500F57E58 /* IDFVWhiteLabelTestingAppUITests */,
				A5FA78D529E804F200F57E58 /* Products */,
			);
			sourceTree = "<group>";
		};
		A5FA78D529E804F200F57E58 /* Products */ = {
			isa = PBXGroup;
			children = (
				A5FA78D429E804F200F57E58 /* IDFVWhiteLabelTestingApp.app */,
				A5FA78EA29E804F500F57E58 /* IDFVWhiteLabelTestingAppTests.xctest */,
				A5FA78F429E804F500F57E58 /* IDFVWhiteLabelTestingAppUITests.xctest */,
			);
			name = Products;
			sourceTree = "<group>";
		};
		A5FA78D629E804F200F57E58 /* IDFVWhiteLabelTestingApp */ = {
			isa = PBXGroup;
			children = (
				A5FA78D729E804F200F57E58 /* AppDelegate.swift */,
				A5FA78D929E804F200F57E58 /* SceneDelegate.swift */,
				A5FA78DB29E804F200F57E58 /* ViewController.swift */,
				A5FA78DD29E804F200F57E58 /* Main.storyboard */,
				A5FA78E029E804F500F57E58 /* Assets.xcassets */,
				A5FA78E229E804F500F57E58 /* LaunchScreen.storyboard */,
				A5FA78E529E804F500F57E58 /* Info.plist */,
			);
			path = IDFVWhiteLabelTestingApp;
			sourceTree = "<group>";
		};
		A5FA78ED29E804F500F57E58 /* IDFVWhiteLabelTestingAppTests */ = {
			isa = PBXGroup;
			children = (
				A5FA78EE29E804F500F57E58 /* IDFVWhiteLabelTestingAppTests.swift */,
			);
			path = IDFVWhiteLabelTestingAppTests;
			sourceTree = "<group>";
		};
		A5FA78F729E804F500F57E58 /* IDFVWhiteLabelTestingAppUITests */ = {
			isa = PBXGroup;
			children = (
				A5FA78F829E804F500F57E58 /* IDFVWhiteLabelTestingAppUITests.swift */,
				A5FA78FA29E804F500F57E58 /* IDFVWhiteLabelTestingAppUITestsLaunchTests.swift */,
			);
			path = IDFVWhiteLabelTestingAppUITests;
			sourceTree = "<group>";
		};
/* End PBXGroup section */

/* Begin PBXNativeTarget section */
		A5FA78D329E804F200F57E58 /* IDFVWhiteLabelTestingApp */ = {
			isa = PBXNativeTarget;
			buildConfigurationList = A5FA78FE29E804F500F57E58 /* Build configuration list for PBXNativeTarget "IDFVWhiteLabelTestingApp" */;
			buildPhases = (
				A5FA78D029E804F200F57E58 /* Sources */,
				A5FA78D129E804F200F57E58 /* Frameworks */,
				A5FA78D229E804F200F57E58 /* Resources */,
			);
			buildRules = (
			);
			dependencies = (
			);
			name = IDFVWhiteLabelTestingApp;
			productName = IDFVWhiteLabelTestingApp;
			productReference = A5FA78D429E804F200F57E58 /* IDFVWhiteLabelTestingApp.app */;
			productType = "com.apple.product-type.application";
		};
		A5FA78E929E804F500F57E58 /* IDFVWhiteLabelTestingAppTests */ = {
			isa = PBXNativeTarget;
			buildConfigurationList = A5FA790129E804F500F57E58 /* Build configuration list for PBXNativeTarget "IDFVWhiteLabelTestingAppTests" */;
			buildPhases = (
				A5FA78E629E804F500F57E58 /* Sources */,
				A5FA78E729E804F500F57E58 /* Frameworks */,
				A5FA78E829E804F500F57E58 /* Resources */,
			);
			buildRules = (
			);
			dependencies = (
				A5FA78EC29E804F500F57E58 /* PBXTargetDependency */,
			);
			name = IDFVWhiteLabelTestingAppTests;
			productName = IDFVWhiteLabelTestingAppTests;
			productReference = A5FA78EA29E804F500F57E58 /* IDFVWhiteLabelTestingAppTests.xctest */;
			productType = "com.apple.product-type.bundle.unit-test";
		};
		A5FA78F329E804F500F57E58 /* IDFVWhiteLabelTestingAppUITests */ = {
			isa = PBXNativeTarget;
			buildConfigurationList = A5FA790429E804F500F57E58 /* Build configuration list for PBXNativeTarget "IDFVWhiteLabelTestingAppUITests" */;
			buildPhases = (
				A5FA78F029E804F500F57E58 /* Sources */,
				A5FA78F129E804F500F57E58 /* Frameworks */,
				A5FA78F229E804F500F57E58 /* Resources */,
			);
			buildRules = (
			);
			dependencies = (
				A5FA78F629E804F500F57E58 /* PBXTargetDependency */,
			);
			name = IDFVWhiteLabelTestingAppUITests;
			productName = IDFVWhiteLabelTestingAppUITests;
			productReference = A5FA78F429E804F500F57E58 /* IDFVWhiteLabelTestingAppUITests.xctest */;
			productType = "com.apple.product-type.bundle.ui-testing";
		};
/* End PBXNativeTarget section */

/* Begin PBXProject section */
		A5FA78CC29E804F200F57E58 /* Project object */ = {
			isa = PBXProject;
			attributes = {
				BuildIndependentTargetsInParallel = 1;
				LastSwiftUpdateCheck = 1420;
				LastUpgradeCheck = 1420;
				TargetAttributes = {
					A5FA78D329E804F200F57E58 = {
						CreatedOnToolsVersion = 14.2;
					};
					A5FA78E929E804F500F57E58 = {
						CreatedOnToolsVersion = 14.2;
						TestTargetID = A5FA78D329E804F200F57E58;
					};
					A5FA78F329E804F500F57E58 = {
						CreatedOnToolsVersion = 14.2;
						TestTargetID = A5FA78D329E804F200F57E58;
					};
				};
			};
			buildConfigurationList = A5FA78CF29E804F200F57E58 /* Build configuration list for PBXProject "IDFVWhiteLabelTestingApp" */;
			compatibilityVersion = "Xcode 14.0";
			developmentRegion = en;
			hasScannedForEncodings = 0;
			knownRegions = (
				en,
				Base,
			);
			mainGroup = A5FA78CB29E804F200F57E58;
			productRefGroup = A5FA78D529E804F200F57E58 /* Products */;
			projectDirPath = "";
			projectRoot = "";
			targets = (
				A5FA78D329E804F200F57E58 /* IDFVWhiteLabelTestingApp */,
				A5FA78E929E804F500F57E58 /* IDFVWhiteLabelTestingAppTests */,
				A5FA78F329E804F500F57E58 /* IDFVWhiteLabelTestingAppUITests */,
			);
		};
/* End PBXProject section */

/* Begin PBXResourcesBuildPhase section */
		A5FA78D229E804F200F57E58 /* Resources */ = {
			isa = PBXResourcesBuildPhase;
			buildActionMask = 2147483647;
			files = (
				A5FA78E429E804F500F57E58 /* LaunchScreen.storyboard in Resources */,
				A5FA78E129E804F500F57E58 /* Assets.xcassets in Resources */,
				A5FA78DF29E804F200F57E58 /* Main.storyboard in Resources */,
			);
			runOnlyForDeploymentPostprocessing = 0;
		};
		A5FA78E829E804F500F57E58 /* Resources */ = {
			isa = PBXResourcesBuildPhase;
			buildActionMask = 2147483647;
			files = (
			);
			runOnlyForDeploymentPostprocessing = 0;
		};
		A5FA78F229E804F500F57E58 /* Resources */ = {
			isa = PBXResourcesBuildPhase;
			buildActionMask = 2147483647;
			files = (
			);
			runOnlyForDeploymentPostprocessing = 0;
		};
/* End PBXResourcesBuildPhase section */

/* Begin PBXSourcesBuildPhase section */
		A5FA78D029E804F200F57E58 /* Sources */ = {
			isa = PBXSourcesBuildPhase;
			buildActionMask = 2147483647;
			files = (
				A5FA78DC29E804F200F57E58 /* ViewController.swift in Sources */,
				A5FA78D829E804F200F57E58 /* AppDelegate.swift in Sources */,
				A5FA78DA29E804F200F57E58 /* SceneDelegate.swift in Sources */,
			);
			runOnlyForDeploymentPostprocessing = 0;
		};
		A5FA78E629E804F500F57E58 /* Sources */ = {
			isa = PBXSourcesBuildPhase;
			buildActionMask = 2147483647;
			files = (
				A5FA78EF29E804F500F57E58 /* IDFVWhiteLabelTestingAppTests.swift in Sources */,
			);
			runOnlyForDeploymentPostprocessing = 0;
		};
		A5FA78F029E804F500F57E58 /* Sources */ = {
			isa = PBXSourcesBuildPhase;
			buildActionMask = 2147483647;
			files = (
				A5FA78F929E804F500F57E58 /* IDFVWhiteLabelTestingAppUITests.swift in Sources */,
				A5FA78FB29E804F500F57E58 /* IDFVWhiteLabelTestingAppUITestsLaunchTests.swift in Sources */,
			);
			runOnlyForDeploymentPostprocessing = 0;
		};
/* End PBXSourcesBuildPhase section */

/* Begin PBXTargetDependency section */
		A5FA78EC29E804F500F57E58 /* PBXTargetDependency */ = {
			isa = PBXTargetDependency;
			target = A5FA78D329E804F200F57E58 /* IDFVWhiteLabelTestingApp */;
			targetProxy = A5FA78EB29E804F500F57E58 /* PBXContainerItemProxy */;
		};
		A5FA78F629E804F500F57E58 /* PBXTargetDependency */ = {
			isa = PBXTargetDependency;
			target = A5FA78D329E804F200F57E58 /* IDFVWhiteLabelTestingApp */;
			targetProxy = A5FA78F529E804F500F57E58 /* PBXContainerItemProxy */;
		};
/* End PBXTargetDependency section */

/* Begin PBXVariantGroup section */
		A5FA78DD29E804F200F57E58 /* Main.storyboard */ = {
			isa = PBXVariantGroup;
			children = (
				A5FA78DE29E804F200F57E58 /* Base */,
			);
			name = Main.storyboard;
			sourceTree = "<group>";
		};
		A5FA78E229E804F500F57E58 /* LaunchScreen.storyboard */ = {
			isa = PBXVariantGroup;
			children = (
				A5FA78E329E804F500F57E58 /* Base */,
			);
			name = LaunchScreen.storyboard;
			sourceTree = "<group>";
		};
/* End PBXVariantGroup section */

/* Begin XCBuildConfiguration section */
		A5FA78FC29E804F500F57E58 /* Debug */ = {
			isa = XCBuildConfiguration;
			buildSettings = {
				ALWAYS_SEARCH_USER_PATHS = NO;
				CLANG_ANALYZER_NONNULL = YES;
				CLANG_ANALYZER_NUMBER_OBJECT_CONVERSION = YES_AGGRESSIVE;
				CLANG_CXX_LANGUAGE_STANDARD = "gnu++20";
				CLANG_ENABLE_MODULES = YES;
				CLANG_ENABLE_OBJC_ARC = YES;
				CLANG_ENABLE_OBJC_WEAK = YES;
				CLANG_WARN_BLOCK_CAPTURE_AUTORELEASING = YES;
				CLANG_WARN_BOOL_CONVERSION = YES;
				CLANG_WARN_COMMA = YES;
				CLANG_WARN_CONSTANT_CONVERSION = YES;
				CLANG_WARN_DEPRECATED_OBJC_IMPLEMENTATIONS = YES;
				CLANG_WARN_DIRECT_OBJC_ISA_USAGE = YES_ERROR;
				CLANG_WARN_DOCUMENTATION_COMMENTS = YES;
				CLANG_WARN_EMPTY_BODY = YES;
				CLANG_WARN_ENUM_CONVERSION = YES;
				CLANG_WARN_INFINITE_RECURSION = YES;
				CLANG_WARN_INT_CONVERSION = YES;
				CLANG_WARN_NON_LITERAL_NULL_CONVERSION = YES;
				CLANG_WARN_OBJC_IMPLICIT_RETAIN_SELF = YES;
				CLANG_WARN_OBJC_LITERAL_CONVERSION = YES;
				CLANG_WARN_OBJC_ROOT_CLASS = YES_ERROR;
				CLANG_WARN_QUOTED_INCLUDE_IN_FRAMEWORK_HEADER = YES;
				CLANG_WARN_RANGE_LOOP_ANALYSIS = YES;
				CLANG_WARN_STRICT_PROTOTYPES = YES;
				CLANG_WARN_SUSPICIOUS_MOVE = YES;
				CLANG_WARN_UNGUARDED_AVAILABILITY = YES_AGGRESSIVE;
				CLANG_WARN_UNREACHABLE_CODE = YES;
				CLANG_WARN__DUPLICATE_METHOD_MATCH = YES;
				COPY_PHASE_STRIP = NO;
				DEBUG_INFORMATION_FORMAT = dwarf;
				ENABLE_STRICT_OBJC_MSGSEND = YES;
				ENABLE_TESTABILITY = YES;
				GCC_C_LANGUAGE_STANDARD = gnu11;
				GCC_DYNAMIC_NO_PIC = NO;
				GCC_NO_COMMON_BLOCKS = YES;
				GCC_OPTIMIZATION_LEVEL = 0;
				GCC_PREPROCESSOR_DEFINITIONS = (
					"DEBUG=1",
					"$(inherited)",
				);
				GCC_WARN_64_TO_32_BIT_CONVERSION = YES;
				GCC_WARN_ABOUT_RETURN_TYPE = YES_ERROR;
				GCC_WARN_UNDECLARED_SELECTOR = YES;
				GCC_WARN_UNINITIALIZED_AUTOS = YES_AGGRESSIVE;
				GCC_WARN_UNUSED_FUNCTION = YES;
				GCC_WARN_UNUSED_VARIABLE = YES;
				IPHONEOS_DEPLOYMENT_TARGET = 16.2;
				MTL_ENABLE_DEBUG_INFO = INCLUDE_SOURCE;
				MTL_FAST_MATH = YES;
				ONLY_ACTIVE_ARCH = YES;
				SDKROOT = iphoneos;
				SWIFT_ACTIVE_COMPILATION_CONDITIONS = DEBUG;
				SWIFT_OPTIMIZATION_LEVEL = "-Onone";
			};
			name = Debug;
		};
		A5FA78FD29E804F500F57E58 /* Release */ = {
			isa = XCBuildConfiguration;
			buildSettings = {
				ALWAYS_SEARCH_USER_PATHS = NO;
				CLANG_ANALYZER_NONNULL = YES;
				CLANG_ANALYZER_NUMBER_OBJECT_CONVERSION = YES_AGGRESSIVE;
				CLANG_CXX_LANGUAGE_STANDARD = "gnu++20";
				CLANG_ENABLE_MODULES = YES;
				CLANG_ENABLE_OBJC_ARC = YES;
				CLANG_ENABLE_OBJC_WEAK = YES;
				CLANG_WARN_BLOCK_CAPTURE_AUTORELEASING = YES;
				CLANG_WARN_BOOL_CONVERSION = YES;
				CLANG_WARN_COMMA = YES;
				CLANG_WARN_CONSTANT_CONVERSION = YES;
				CLANG_WARN_DEPRECATED_OBJC_IMPLEMENTATIONS = YES;
				CLANG_WARN_DIRECT_OBJC_ISA_USAGE = YES_ERROR;
				CLANG_WARN_DOCUMENTATION_COMMENTS = YES;
				CLANG_WARN_EMPTY_BODY = YES;
				CLANG_WARN_ENUM_CONVERSION = YES;
				CLANG_WARN_INFINITE_RECURSION = YES;
				CLANG_WARN_INT_CONVERSION = YES;
				CLANG_WARN_NON_LITERAL_NULL_CONVERSION = YES;
				CLANG_WARN_OBJC_IMPLICIT_RETAIN_SELF = YES;
				CLANG_WARN_OBJC_LITERAL_CONVERSION = YES;
				CLANG_WARN_OBJC_ROOT_CLASS = YES_ERROR;
				CLANG_WARN_QUOTED_INCLUDE_IN_FRAMEWORK_HEADER = YES;
				CLANG_WARN_RANGE_LOOP_ANALYSIS = YES;
				CLANG_WARN_STRICT_PROTOTYPES = YES;
				CLANG_WARN_SUSPICIOUS_MOVE = YES;
				CLANG_WARN_UNGUARDED_AVAILABILITY = YES_AGGRESSIVE;
				CLANG_WARN_UNREACHABLE_CODE = YES;
				CLANG_WARN__DUPLICATE_METHOD_MATCH = YES;
				COPY_PHASE_STRIP = NO;
				DEBUG_INFORMATION_FORMAT = "dwarf-with-dsym";
				ENABLE_NS_ASSERTIONS = NO;
				ENABLE_STRICT_OBJC_MSGSEND = YES;
				GCC_C_LANGUAGE_STANDARD = gnu11;
				GCC_NO_COMMON_BLOCKS = YES;
				GCC_WARN_64_TO_32_BIT_CONVERSION = YES;
				GCC_WARN_ABOUT_RETURN_TYPE = YES_ERROR;
				GCC_WARN_UNDECLARED_SELECTOR = YES;
				GCC_WARN_UNINITIALIZED_AUTOS = YES_AGGRESSIVE;
				GCC_WARN_UNUSED_FUNCTION = YES;
				GCC_WARN_UNUSED_VARIABLE = YES;
				IPHONEOS_DEPLOYMENT_TARGET = 16.2;
				MTL_ENABLE_DEBUG_INFO = NO;
				MTL_FAST_MATH = YES;
				SDKROOT = iphoneos;
				SWIFT_COMPILATION_MODE = wholemodule;
				SWIFT_OPTIMIZATION_LEVEL = "-O";
				VALIDATE_PRODUCT = YES;
			};
			name = Release;
		};
		A5FA78FF29E804F500F57E58 /* Debug */ = {
			isa = XCBuildConfiguration;
			buildSettings = {
				ASSETCATALOG_COMPILER_APPICON_NAME = AppIcon;
				ASSETCATALOG_COMPILER_GLOBAL_ACCENT_COLOR_NAME = AccentColor;
				CODE_SIGN_STYLE = Automatic;
				CURRENT_PROJECT_VERSION = 1;
				DEVELOPMENT_TEAM = 6UQAD4B3U2;
				GENERATE_INFOPLIST_FILE = YES;
				INFOPLIST_FILE = IDFVWhiteLabelTestingApp/Info.plist;
				INFOPLIST_KEY_UIApplicationSupportsIndirectInputEvents = YES;
				INFOPLIST_KEY_UILaunchStoryboardName = LaunchScreen;
				INFOPLIST_KEY_UIMainStoryboardFile = Main;
				INFOPLIST_KEY_UISupportedInterfaceOrientations_iPad = "UIInterfaceOrientationPortrait UIInterfaceOrientationPortraitUpsideDown UIInterfaceOrientationLandscapeLeft UIInterfaceOrientationLandscapeRight";
				INFOPLIST_KEY_UISupportedInterfaceOrientations_iPhone = "UIInterfaceOrientationPortrait UIInterfaceOrientationLandscapeLeft UIInterfaceOrientationLandscapeRight";
				IPHONEOS_DEPLOYMENT_TARGET = 14.0;
				LD_RUNPATH_SEARCH_PATHS = (
					"$(inherited)",
					"@executable_path/Frameworks",
				);
				MARKETING_VERSION = 1.0;
				PRODUCT_BUNDLE_IDENTIFIER = com.MorisGateno.IDFVWhiteLabelTestingApp;
				PRODUCT_NAME = "$(TARGET_NAME)";
				SWIFT_EMIT_LOC_STRINGS = YES;
				SWIFT_VERSION = 5.0;
				TARGETED_DEVICE_FAMILY = "1,2";
			};
			name = Debug;
		};
		A5FA790029E804F500F57E58 /* Release */ = {
			isa = XCBuildConfiguration;
			buildSettings = {
				ASSETCATALOG_COMPILER_APPICON_NAME = AppIcon;
				ASSETCATALOG_COMPILER_GLOBAL_ACCENT_COLOR_NAME = AccentColor;
				CODE_SIGN_STYLE = Automatic;
				CURRENT_PROJECT_VERSION = 1;
				DEVELOPMENT_TEAM = 6UQAD4B3U2;
				GENERATE_INFOPLIST_FILE = YES;
				INFOPLIST_FILE = IDFVWhiteLabelTestingApp/Info.plist;
				INFOPLIST_KEY_UIApplicationSupportsIndirectInputEvents = YES;
				INFOPLIST_KEY_UILaunchStoryboardName = LaunchScreen;
				INFOPLIST_KEY_UIMainStoryboardFile = Main;
				INFOPLIST_KEY_UISupportedInterfaceOrientations_iPad = "UIInterfaceOrientationPortrait UIInterfaceOrientationPortraitUpsideDown UIInterfaceOrientationLandscapeLeft UIInterfaceOrientationLandscapeRight";
				INFOPLIST_KEY_UISupportedInterfaceOrientations_iPhone = "UIInterfaceOrientationPortrait UIInterfaceOrientationLandscapeLeft UIInterfaceOrientationLandscapeRight";
				IPHONEOS_DEPLOYMENT_TARGET = 14.0;
				LD_RUNPATH_SEARCH_PATHS = (
					"$(inherited)",
					"@executable_path/Frameworks",
				);
				MARKETING_VERSION = 1.0;
				PRODUCT_BUNDLE_IDENTIFIER = com.MorisGateno.IDFVWhiteLabelTestingApp;
				PRODUCT_NAME = "$(TARGET_NAME)";
				SWIFT_EMIT_LOC_STRINGS = YES;
				SWIFT_VERSION = 5.0;
				TARGETED_DEVICE_FAMILY = "1,2";
			};
			name = Release;
		};
		A5FA790229E804F500F57E58 /* Debug */ = {
			isa = XCBuildConfiguration;
			buildSettings = {
				ALWAYS_EMBED_SWIFT_STANDARD_LIBRARIES = YES;
				BUNDLE_LOADER = "$(TEST_HOST)";
				CODE_SIGN_STYLE = Automatic;
				CURRENT_PROJECT_VERSION = 1;
				DEVELOPMENT_TEAM = 6UQAD4B3U2;
				GENERATE_INFOPLIST_FILE = YES;
				IPHONEOS_DEPLOYMENT_TARGET = 16.2;
				MARKETING_VERSION = 1.0;
				PRODUCT_BUNDLE_IDENTIFIER = com.MorisGateno.IDFVWhiteLabelTestingAppTests;
				PRODUCT_NAME = "$(TARGET_NAME)";
				SWIFT_EMIT_LOC_STRINGS = NO;
				SWIFT_VERSION = 5.0;
				TARGETED_DEVICE_FAMILY = "1,2";
				TEST_HOST = "$(BUILT_PRODUCTS_DIR)/IDFVWhiteLabelTestingApp.app/$(BUNDLE_EXECUTABLE_FOLDER_PATH)/IDFVWhiteLabelTestingApp";
			};
			name = Debug;
		};
		A5FA790329E804F500F57E58 /* Release */ = {
			isa = XCBuildConfiguration;
			buildSettings = {
				ALWAYS_EMBED_SWIFT_STANDARD_LIBRARIES = YES;
				BUNDLE_LOADER = "$(TEST_HOST)";
				CODE_SIGN_STYLE = Automatic;
				CURRENT_PROJECT_VERSION = 1;
				DEVELOPMENT_TEAM = 6UQAD4B3U2;
				GENERATE_INFOPLIST_FILE = YES;
				IPHONEOS_DEPLOYMENT_TARGET = 16.2;
				MARKETING_VERSION = 1.0;
				PRODUCT_BUNDLE_IDENTIFIER = com.MorisGateno.IDFVWhiteLabelTestingAppTests;
				PRODUCT_NAME = "$(TARGET_NAME)";
				SWIFT_EMIT_LOC_STRINGS = NO;
				SWIFT_VERSION = 5.0;
				TARGETED_DEVICE_FAMILY = "1,2";
				TEST_HOST = "$(BUILT_PRODUCTS_DIR)/IDFVWhiteLabelTestingApp.app/$(BUNDLE_EXECUTABLE_FOLDER_PATH)/IDFVWhiteLabelTestingApp";
			};
			name = Release;
		};
		A5FA790529E804F500F57E58 /* Debug */ = {
			isa = XCBuildConfiguration;
			buildSettings = {
				ALWAYS_EMBED_SWIFT_STANDARD_LIBRARIES = YES;
				CODE_SIGN_STYLE = Automatic;
				CURRENT_PROJECT_VERSION = 1;
				DEVELOPMENT_TEAM = 6UQAD4B3U2;
				GENERATE_INFOPLIST_FILE = YES;
				MARKETING_VERSION = 1.0;
				PRODUCT_BUNDLE_IDENTIFIER = com.MorisGateno.IDFVWhiteLabelTestingAppUITests;
				PRODUCT_NAME = "$(TARGET_NAME)";
				SWIFT_EMIT_LOC_STRINGS = NO;
				SWIFT_VERSION = 5.0;
				TARGETED_DEVICE_FAMILY = "1,2";
				TEST_TARGET_NAME = IDFVWhiteLabelTestingApp;
			};
			name = Debug;
		};
		A5FA790629E804F500F57E58 /* Release */ = {
			isa = XCBuildConfiguration;
			buildSettings = {
				ALWAYS_EMBED_SWIFT_STANDARD_LIBRARIES = YES;
				CODE_SIGN_STYLE = Automatic;
				CURRENT_PROJECT_VERSION = 1;
				DEVELOPMENT_TEAM = 6UQAD4B3U2;
				GENERATE_INFOPLIST_FILE = YES;
				MARKETING_VERSION = 1.0;
				PRODUCT_BUNDLE_IDENTIFIER = com.MorisGateno.IDFVWhiteLabelTestingAppUITests;
				PRODUCT_NAME = "$(TARGET_NAME)";
				SWIFT_EMIT_LOC_STRINGS = NO;
				SWIFT_VERSION = 5.0;
				TARGETED_DEVICE_FAMILY = "1,2";
				TEST_TARGET_NAME = IDFVWhiteLabelTestingApp;
			};
			name = Release;
		};
/* End XCBuildConfiguration section */

/* Begin XCConfigurationList section */
		A5FA78CF29E804F200F57E58 /* Build configuration list for PBXProject "IDFVWhiteLabelTestingApp" */ = {
			isa = XCConfigurationList;
			buildConfigurations = (
				A5FA78FC29E804F500F57E58 /* Debug */,
				A5FA78FD29E804F500F57E58 /* Release */,
			);
			defaultConfigurationIsVisible = 0;
			defaultConfigurationName = Release;
		};
		A5FA78FE29E804F500F57E58 /* Build configuration list for PBXNativeTarget "IDFVWhiteLabelTestingApp" */ = {
			isa = XCConfigurationList;
			buildConfigurations = (
				A5FA78FF29E804F500F57E58 /* Debug */,
				A5FA790029E804F500F57E58 /* Release */,
			);
			defaultConfigurationIsVisible = 0;
			defaultConfigurationName = Release;
		};
		A5FA790129E804F500F57E58 /* Build configuration list for PBXNativeTarget "IDFVWhiteLabelTestingAppTests" */ = {
			isa = XCConfigurationList;
			buildConfigurations = (
				A5FA790229E804F500F57E58 /* Debug */,
				A5FA790329E804F500F57E58 /* Release */,
			);
			defaultConfigurationIsVisible = 0;
			defaultConfigurationName = Release;
		};
		A5FA790429E804F500F57E58 /* Build configuration list for PBXNativeTarget "IDFVWhiteLabelTestingAppUITests" */ = {
			isa = XCConfigurationList;
			buildConfigurations = (
				A5FA790529E804F500F57E58 /* Debug */,
				A5FA790629E804F500F57E58 /* Release */,
			);
			defaultConfigurationIsVisible = 0;
			defaultConfigurationName = Release;
		};
/* End XCConfigurationList section */
	};
	rootObject = A5FA78CC29E804F200F57E58 /* Project object */;
}
